
Microsoft Visual Studio Solution File, Format Version 12.00
# Visual Studio Version 16
VisualStudioVersion = 16.0.31515.178
MinimumVisualStudioVersion = 10.0.40219.1
Project("{FAE04EC0-301F-11D3-BF4B-00C04F79EFBC}") = "maneshportalWebApp", "maneshportalWebApp\maneshportalWebApp.csproj", "{8209634C-1745-4A9F-83D2-59FF9FBD0124}"
EndProject
Project("{FAE04EC0-301F-11D3-BF4B-00C04F79EFBC}") = "FnAppToBlobData", "FnAppToBlobData\FnAppToBlobData.csproj", "{8F3EFB6B-79B3-4B2B-A543-1FCDA731E255}"
EndProject
Project("{FAE04EC0-301F-11D3-BF4B-00C04F79EFBC}") = "TgrFnAppToBlobData", "TgrFnAppToBlobData\TgrFnAppToBlobData.csproj", "{DEABBFF8-BCE9-41B1-B1E7-544F1F5DA32B}"
EndProject
Global
	GlobalSection(SolutionConfigurationPlatforms) = preSolution
		Debug|Any CPU = Debug|Any CPU
		Release|Any CPU = Release|Any CPU
	EndGlobalSection
	GlobalSection(ProjectConfigurationPlatforms) = postSolution
		{8209634C-1745-4A9F-83D2-59FF9FBD0124}.Debug|Any CPU.ActiveCfg = Debug|Any CPU
		{8209634C-1745-4A9F-83D2-59FF9FBD0124}.Debug|Any CPU.Build.0 = Debug|Any CPU
		{8209634C-1745-4A9F-83D2-59FF9FBD0124}.Release|Any CPU.ActiveCfg = Release|Any CPU
		{8209634C-1745-4A9F-83D2-59FF9FBD0124}.Release|Any CPU.Build.0 = Release|Any CPU
		{8F3EFB6B-79B3-4B2B-A543-1FCDA731E255}.Debug|Any CPU.ActiveCfg = Debug|Any CPU
		{8F3EFB6B-79B3-4B2B-A543-1FCDA731E255}.Debug|Any CPU.Build.0 = Debug|Any CPU
		{8F3EFB6B-79B3-4B2B-A543-1FCDA731E255}.Release|Any CPU.ActiveCfg = Release|Any CPU
		{8F3EFB6B-79B3-4B2B-A543-1FCDA731E255}.Release|Any CPU.Build.0 = Release|Any CPU
		{DEABBFF8-BCE9-41B1-B1E7-544F1F5DA32B}.Debug|Any CPU.ActiveCfg = Debug|Any CPU
		{DEABBFF8-BCE9-41B1-B1E7-544F1F5DA32B}.Debug|Any CPU.Build.0 = Debug|Any CPU
		{DEABBFF8-BCE9-41B1-B1E7-544F1F5DA32B}.Release|Any CPU.ActiveCfg = Release|Any CPU
		{DEABBFF8-BCE9-41B1-B1E7-544F1F5DA32B}.Release|Any CPU.Build.0 = Release|Any CPU
	EndGlobalSection
	GlobalSection(SolutionProperties) = preSolution
		HideSolutionNode = FALSE
	EndGlobalSection
	GlobalSection(ExtensibilityGlobals) = postSolution
		SolutionGuid = {E1008E41-1862-4927-A90C-79BD6FB145E3}
	EndGlobalSection
EndGlobal
